// !$*UTF8*$!
{
	archiveVersion = 1;
	classes = {
	};
	objectVersion = 46;
	objects = {

/* Begin PBXBuildFile section */
		003ADCCE1DB4745200A41BC6 /* bitstream.h in Headers */ = {isa = PBXBuildFile; fileRef = 003ADCA21DB4745200A41BC6 /* bitstream.h */; };
		003ADCCF1DB4745200A41BC6 /* entropy_common.c in Sources */ = {isa = PBXBuildFile; fileRef = 003ADCA31DB4745200A41BC6 /* entropy_common.c */; };
		003ADCD01DB4745200A41BC6 /* error_private.h in Headers */ = {isa = PBXBuildFile; fileRef = 003ADCA41DB4745200A41BC6 /* error_private.h */; };
		003ADCD11DB4745200A41BC6 /* error_public.h in Headers */ = {isa = PBXBuildFile; fileRef = 003ADCA51DB4745200A41BC6 /* error_public.h */; };
		003ADCD21DB4745200A41BC6 /* fse.h in Headers */ = {isa = PBXBuildFile; fileRef = 003ADCA61DB4745200A41BC6 /* fse.h */; };
		003ADCD31DB4745200A41BC6 /* fse_decompress.c in Sources */ = {isa = PBXBuildFile; fileRef = 003ADCA71DB4745200A41BC6 /* fse_decompress.c */; };
		003ADCD41DB4745200A41BC6 /* huf.h in Headers */ = {isa = PBXBuildFile; fileRef = 003ADCA81DB4745200A41BC6 /* huf.h */; };
		003ADCD51DB4745200A41BC6 /* mem.h in Headers */ = {isa = PBXBuildFile; fileRef = 003ADCA91DB4745200A41BC6 /* mem.h */; };
		003ADCD61DB4745200A41BC6 /* xxhash.c in Sources */ = {isa = PBXBuildFile; fileRef = 003ADCAA1DB4745200A41BC6 /* xxhash.c */; };
		003ADCD71DB4745200A41BC6 /* xxhash.h in Headers */ = {isa = PBXBuildFile; fileRef = 003ADCAB1DB4745200A41BC6 /* xxhash.h */; };
		003ADCD81DB4745200A41BC6 /* zbuff.h in Headers */ = {isa = PBXBuildFile; fileRef = 003ADCAC1DB4745200A41BC6 /* zbuff.h */; };
		003ADCD91DB4745200A41BC6 /* zstd_common.c in Sources */ = {isa = PBXBuildFile; fileRef = 003ADCAD1DB4745200A41BC6 /* zstd_common.c */; };
		003ADCDA1DB4745200A41BC6 /* zstd_internal.h in Headers */ = {isa = PBXBuildFile; fileRef = 003ADCAE1DB4745200A41BC6 /* zstd_internal.h */; };
		003ADCDB1DB4745200A41BC6 /* fse_compress.c in Sources */ = {isa = PBXBuildFile; fileRef = 003ADCB01DB4745200A41BC6 /* fse_compress.c */; };
		003ADCDC1DB4745200A41BC6 /* huf_compress.c in Sources */ = {isa = PBXBuildFile; fileRef = 003ADCB11DB4745200A41BC6 /* huf_compress.c */; };
		003ADCDD1DB4745200A41BC6 /* zbuff_compress.c in Sources */ = {isa = PBXBuildFile; fileRef = 003ADCB21DB4745200A41BC6 /* zbuff_compress.c */; };
		003ADCDE1DB4745200A41BC6 /* zstd_compress.c in Sources */ = {isa = PBXBuildFile; fileRef = 003ADCB31DB4745200A41BC6 /* zstd_compress.c */; };
		003ADCDF1DB4745200A41BC6 /* zstd_opt.h in Headers */ = {isa = PBXBuildFile; fileRef = 003ADCB41DB4745200A41BC6 /* zstd_opt.h */; };
		003ADD101DB477B100A41BC6 /* huf_decompress.c in Sources */ = {isa = PBXBuildFile; fileRef = 003ADCF81DB477B100A41BC6 /* huf_decompress.c */; };
		003ADD111DB477B100A41BC6 /* zbuff_decompress.c in Sources */ = {isa = PBXBuildFile; fileRef = 003ADCF91DB477B100A41BC6 /* zbuff_decompress.c */; };
		003ADD121DB477B100A41BC6 /* zstd_decompress.c in Sources */ = {isa = PBXBuildFile; fileRef = 003ADCFA1DB477B100A41BC6 /* zstd_decompress.c */; };
		003ADD131DB477B100A41BC6 /* divsufsort.c in Sources */ = {isa = PBXBuildFile; fileRef = 003ADCFC1DB477B100A41BC6 /* divsufsort.c */; };
		003ADD141DB477B100A41BC6 /* divsufsort.h in Headers */ = {isa = PBXBuildFile; fileRef = 003ADCFD1DB477B100A41BC6 /* divsufsort.h */; };
		003ADD151DB477B100A41BC6 /* zdict.c in Sources */ = {isa = PBXBuildFile; fileRef = 003ADCFE1DB477B100A41BC6 /* zdict.c */; };
		003ADD161DB477B100A41BC6 /* zdict.h in Headers */ = {isa = PBXBuildFile; fileRef = 003ADCFF1DB477B100A41BC6 /* zdict.h */; };
		003ADD171DB477B100A41BC6 /* zstd_legacy.h in Headers */ = {isa = PBXBuildFile; fileRef = 003ADD011DB477B100A41BC6 /* zstd_legacy.h */; };
		003ADD181DB477B100A41BC6 /* zstd_v01.c in Sources */ = {isa = PBXBuildFile; fileRef = 003ADD021DB477B100A41BC6 /* zstd_v01.c */; };
		003ADD191DB477B100A41BC6 /* zstd_v01.h in Headers */ = {isa = PBXBuildFile; fileRef = 003ADD031DB477B100A41BC6 /* zstd_v01.h */; };
		003ADD1A1DB477B100A41BC6 /* zstd_v02.c in Sources */ = {isa = PBXBuildFile; fileRef = 003ADD041DB477B100A41BC6 /* zstd_v02.c */; };
		003ADD1B1DB477B100A41BC6 /* zstd_v02.h in Headers */ = {isa = PBXBuildFile; fileRef = 003ADD051DB477B100A41BC6 /* zstd_v02.h */; };
		003ADD1C1DB477B100A41BC6 /* zstd_v03.c in Sources */ = {isa = PBXBuildFile; fileRef = 003ADD061DB477B100A41BC6 /* zstd_v03.c */; };
		003ADD1D1DB477B100A41BC6 /* zstd_v03.h in Headers */ = {isa = PBXBuildFile; fileRef = 003ADD071DB477B100A41BC6 /* zstd_v03.h */; };
		003ADD1E1DB477B100A41BC6 /* zstd_v04.c in Sources */ = {isa = PBXBuildFile; fileRef = 003ADD081DB477B100A41BC6 /* zstd_v04.c */; };
		003ADD1F1DB477B100A41BC6 /* zstd_v04.h in Headers */ = {isa = PBXBuildFile; fileRef = 003ADD091DB477B100A41BC6 /* zstd_v04.h */; };
		003ADD201DB477B100A41BC6 /* zstd_v05.c in Sources */ = {isa = PBXBuildFile; fileRef = 003ADD0A1DB477B100A41BC6 /* zstd_v05.c */; };
		003ADD211DB477B100A41BC6 /* zstd_v05.h in Headers */ = {isa = PBXBuildFile; fileRef = 003ADD0B1DB477B100A41BC6 /* zstd_v05.h */; };
		003ADD221DB477B100A41BC6 /* zstd_v06.c in Sources */ = {isa = PBXBuildFile; fileRef = 003ADD0C1DB477B100A41BC6 /* zstd_v06.c */; };
		003ADD231DB477B100A41BC6 /* zstd_v06.h in Headers */ = {isa = PBXBuildFile; fileRef = 003ADD0D1DB477B100A41BC6 /* zstd_v06.h */; };
		003ADD241DB477B100A41BC6 /* zstd_v07.c in Sources */ = {isa = PBXBuildFile; fileRef = 003ADD0E1DB477B100A41BC6 /* zstd_v07.c */; };
		003ADD251DB477B100A41BC6 /* zstd_v07.h in Headers */ = {isa = PBXBuildFile; fileRef = 003ADD0F1DB477B100A41BC6 /* zstd_v07.h */; };
		00C408D01D8FED6F00BC7CB8 /* zstd.h in Headers */ = {isa = PBXBuildFile; fileRef = 00C408A71D8FED6F00BC7CB8 /* zstd.h */; };
/* End PBXBuildFile section */

/* Begin PBXCopyFilesBuildPhase section */
		0074E40C1D534D0B00018C2A /* CopyFiles */ = {
			isa = PBXCopyFilesBuildPhase;
			buildActionMask = 12;
			dstPath = "include/$(PRODUCT_NAME)";
			dstSubfolderSpec = 16;
			files = (
			);
			runOnlyForDeploymentPostprocessing = 0;
		};
/* End PBXCopyFilesBuildPhase section */

/* Begin PBXFileReference section */
		003ADCA21DB4745200A41BC6 /* bitstream.h */ = {isa = PBXFileReference; fileEncoding = 4; lastKnownFileType = sourcecode.c.h; path = bitstream.h; sourceTree = "<group>"; };
		003ADCA31DB4745200A41BC6 /* entropy_common.c */ = {isa = PBXFileReference; fileEncoding = 4; lastKnownFileType = sourcecode.c.c; path = entropy_common.c; sourceTree = "<group>"; };
		003ADCA41DB4745200A41BC6 /* error_private.h */ = {isa = PBXFileReference; fileEncoding = 4; lastKnownFileType = sourcecode.c.h; path = error_private.h; sourceTree = "<group>"; };
		003ADCA51DB4745200A41BC6 /* error_public.h */ = {isa = PBXFileReference; fileEncoding = 4; lastKnownFileType = sourcecode.c.h; path = error_public.h; sourceTree = "<group>"; };
		003ADCA61DB4745200A41BC6 /* fse.h */ = {isa = PBXFileReference; fileEncoding = 4; lastKnownFileType = sourcecode.c.h; path = fse.h; sourceTree = "<group>"; };
		003ADCA71DB4745200A41BC6 /* fse_decompress.c */ = {isa = PBXFileReference; fileEncoding = 4; lastKnownFileType = sourcecode.c.c; path = fse_decompress.c; sourceTree = "<group>"; };
		003ADCA81DB4745200A41BC6 /* huf.h */ = {isa = PBXFileReference; fileEncoding = 4; lastKnownFileType = sourcecode.c.h; path = huf.h; sourceTree = "<group>"; };
		003ADCA91DB4745200A41BC6 /* mem.h */ = {isa = PBXFileReference; fileEncoding = 4; lastKnownFileType = sourcecode.c.h; path = mem.h; sourceTree = "<group>"; };
		003ADCAA1DB4745200A41BC6 /* xxhash.c */ = {isa = PBXFileReference; fileEncoding = 4; lastKnownFileType = sourcecode.c.c; path = xxhash.c; sourceTree = "<group>"; };
		003ADCAB1DB4745200A41BC6 /* xxhash.h */ = {isa = PBXFileReference; fileEncoding = 4; lastKnownFileType = sourcecode.c.h; path = xxhash.h; sourceTree = "<group>"; };
		003ADCAC1DB4745200A41BC6 /* zbuff.h */ = {isa = PBXFileReference; fileEncoding = 4; lastKnownFileType = sourcecode.c.h; path = zbuff.h; sourceTree = "<group>"; };
		003ADCAD1DB4745200A41BC6 /* zstd_common.c */ = {isa = PBXFileReference; fileEncoding = 4; lastKnownFileType = sourcecode.c.c; path = zstd_common.c; sourceTree = "<group>"; };
		003ADCAE1DB4745200A41BC6 /* zstd_internal.h */ = {isa = PBXFileReference; fileEncoding = 4; lastKnownFileType = sourcecode.c.h; path = zstd_internal.h; sourceTree = "<group>"; };
		003ADCB01DB4745200A41BC6 /* fse_compress.c */ = {isa = PBXFileReference; fileEncoding = 4; lastKnownFileType = sourcecode.c.c; path = fse_compress.c; sourceTree = "<group>"; };
		003ADCB11DB4745200A41BC6 /* huf_compress.c */ = {isa = PBXFileReference; fileEncoding = 4; lastKnownFileType = sourcecode.c.c; path = huf_compress.c; sourceTree = "<group>"; };
		003ADCB21DB4745200A41BC6 /* zbuff_compress.c */ = {isa = PBXFileReference; fileEncoding = 4; lastKnownFileType = sourcecode.c.c; path = zbuff_compress.c; sourceTree = "<group>"; };
		003ADCB31DB4745200A41BC6 /* zstd_compress.c */ = {isa = PBXFileReference; fileEncoding = 4; lastKnownFileType = sourcecode.c.c; path = zstd_compress.c; sourceTree = "<group>"; };
		003ADCB41DB4745200A41BC6 /* zstd_opt.h */ = {isa = PBXFileReference; fileEncoding = 4; lastKnownFileType = sourcecode.c.h; path = zstd_opt.h; sourceTree = "<group>"; };
		003ADCF61DB4766500A41BC6 /* LICENSE */ = {isa = PBXFileReference; fileEncoding = 4; lastKnownFileType = text; path = LICENSE; sourceTree = "<group>"; };
		003ADCF81DB477B100A41BC6 /* huf_decompress.c */ = {isa = PBXFileReference; fileEncoding = 4; lastKnownFileType = sourcecode.c.c; path = huf_decompress.c; sourceTree = "<group>"; };
		003ADCF91DB477B100A41BC6 /* zbuff_decompress.c */ = {isa = PBXFileReference; fileEncoding = 4; lastKnownFileType = sourcecode.c.c; path = zbuff_decompress.c; sourceTree = "<group>"; };
		003ADCFA1DB477B100A41BC6 /* zstd_decompress.c */ = {isa = PBXFileReference; fileEncoding = 4; lastKnownFileType = sourcecode.c.c; path = zstd_decompress.c; sourceTree = "<group>"; };
		003ADCFC1DB477B100A41BC6 /* divsufsort.c */ = {isa = PBXFileReference; fileEncoding = 4; lastKnownFileType = sourcecode.c.c; path = divsufsort.c; sourceTree = "<group>"; };
		003ADCFD1DB477B100A41BC6 /* divsufsort.h */ = {isa = PBXFileReference; fileEncoding = 4; lastKnownFileType = sourcecode.c.h; path = divsufsort.h; sourceTree = "<group>"; };
		003ADCFE1DB477B100A41BC6 /* zdict.c */ = {isa = PBXFileReference; fileEncoding = 4; lastKnownFileType = sourcecode.c.c; path = zdict.c; sourceTree = "<group>"; };
		003ADCFF1DB477B100A41BC6 /* zdict.h */ = {isa = PBXFileReference; fileEncoding = 4; lastKnownFileType = sourcecode.c.h; path = zdict.h; sourceTree = "<group>"; };
		003ADD011DB477B100A41BC6 /* zstd_legacy.h */ = {isa = PBXFileReference; fileEncoding = 4; lastKnownFileType = sourcecode.c.h; path = zstd_legacy.h; sourceTree = "<group>"; };
		003ADD021DB477B100A41BC6 /* zstd_v01.c */ = {isa = PBXFileReference; fileEncoding = 4; lastKnownFileType = sourcecode.c.c; path = zstd_v01.c; sourceTree = "<group>"; };
		003ADD031DB477B100A41BC6 /* zstd_v01.h */ = {isa = PBXFileReference; fileEncoding = 4; lastKnownFileType = sourcecode.c.h; path = zstd_v01.h; sourceTree = "<group>"; };
		003ADD041DB477B100A41BC6 /* zstd_v02.c */ = {isa = PBXFileReference; fileEncoding = 4; lastKnownFileType = sourcecode.c.c; path = zstd_v02.c; sourceTree = "<group>"; };
		003ADD051DB477B100A41BC6 /* zstd_v02.h */ = {isa = PBXFileReference; fileEncoding = 4; lastKnownFileType = sourcecode.c.h; path = zstd_v02.h; sourceTree = "<group>"; };
		003ADD061DB477B100A41BC6 /* zstd_v03.c */ = {isa = PBXFileReference; fileEncoding = 4; lastKnownFileType = sourcecode.c.c; path = zstd_v03.c; sourceTree = "<group>"; };
		003ADD071DB477B100A41BC6 /* zstd_v03.h */ = {isa = PBXFileReference; fileEncoding = 4; lastKnownFileType = sourcecode.c.h; path = zstd_v03.h; sourceTree = "<group>"; };
		003ADD081DB477B100A41BC6 /* zstd_v04.c */ = {isa = PBXFileReference; fileEncoding = 4; lastKnownFileType = sourcecode.c.c; path = zstd_v04.c; sourceTree = "<group>"; };
		003ADD091DB477B100A41BC6 /* zstd_v04.h */ = {isa = PBXFileReference; fileEncoding = 4; lastKnownFileType = sourcecode.c.h; path = zstd_v04.h; sourceTree = "<group>"; };
		003ADD0A1DB477B100A41BC6 /* zstd_v05.c */ = {isa = PBXFileReference; fileEncoding = 4; lastKnownFileType = sourcecode.c.c; path = zstd_v05.c; sourceTree = "<group>"; };
		003ADD0B1DB477B100A41BC6 /* zstd_v05.h */ = {isa = PBXFileReference; fileEncoding = 4; lastKnownFileType = sourcecode.c.h; path = zstd_v05.h; sourceTree = "<group>"; };
		003ADD0C1DB477B100A41BC6 /* zstd_v06.c */ = {isa = PBXFileReference; fileEncoding = 4; lastKnownFileType = sourcecode.c.c; path = zstd_v06.c; sourceTree = "<group>"; };
		003ADD0D1DB477B100A41BC6 /* zstd_v06.h */ = {isa = PBXFileReference; fileEncoding = 4; lastKnownFileType = sourcecode.c.h; path = zstd_v06.h; sourceTree = "<group>"; };
		003ADD0E1DB477B100A41BC6 /* zstd_v07.c */ = {isa = PBXFileReference; fileEncoding = 4; lastKnownFileType = sourcecode.c.c; path = zstd_v07.c; sourceTree = "<group>"; };
		003ADD0F1DB477B100A41BC6 /* zstd_v07.h */ = {isa = PBXFileReference; fileEncoding = 4; lastKnownFileType = sourcecode.c.h; path = zstd_v07.h; sourceTree = "<group>"; };
		0074E40E1D534D0B00018C2A /* libzstd.a */ = {isa = PBXFileReference; explicitFileType = archive.ar; includeInIndex = 0; path = libzstd.a; sourceTree = BUILT_PRODUCTS_DIR; };
		00C408A71D8FED6F00BC7CB8 /* zstd.h */ = {isa = PBXFileReference; fileEncoding = 4; lastKnownFileType = sourcecode.c.h; path = zstd.h; sourceTree = "<group>"; };
/* End PBXFileReference section */

/* Begin PBXFrameworksBuildPhase section */
		0074E40B1D534D0B00018C2A /* Frameworks */ = {
			isa = PBXFrameworksBuildPhase;
			buildActionMask = 2147483647;
			files = (
			);
			runOnlyForDeploymentPostprocessing = 0;
		};
/* End PBXFrameworksBuildPhase section */

/* Begin PBXGroup section */
		003ADCA11DB4745200A41BC6 /* common */ = {
			isa = PBXGroup;
			children = (
				003ADCA21DB4745200A41BC6 /* bitstream.h */,
				003ADCA31DB4745200A41BC6 /* entropy_common.c */,
				003ADCA41DB4745200A41BC6 /* error_private.h */,
				003ADCA51DB4745200A41BC6 /* error_public.h */,
				003ADCA61DB4745200A41BC6 /* fse.h */,
				003ADCA71DB4745200A41BC6 /* fse_decompress.c */,
				003ADCA81DB4745200A41BC6 /* huf.h */,
				003ADCA91DB4745200A41BC6 /* mem.h */,
				003ADCAA1DB4745200A41BC6 /* xxhash.c */,
				003ADCAB1DB4745200A41BC6 /* xxhash.h */,
				003ADCAC1DB4745200A41BC6 /* zbuff.h */,
				003ADCAD1DB4745200A41BC6 /* zstd_common.c */,
				003ADCAE1DB4745200A41BC6 /* zstd_internal.h */,
			);
			path = common;
			sourceTree = "<group>";
		};
		003ADCAF1DB4745200A41BC6 /* compress */ = {
			isa = PBXGroup;
			children = (
				003ADCB01DB4745200A41BC6 /* fse_compress.c */,
				003ADCB11DB4745200A41BC6 /* huf_compress.c */,
				003ADCB21DB4745200A41BC6 /* zbuff_compress.c */,
				003ADCB31DB4745200A41BC6 /* zstd_compress.c */,
				003ADCB41DB4745200A41BC6 /* zstd_opt.h */,
			);
			path = compress;
			sourceTree = "<group>";
		};
		003ADCF71DB477B100A41BC6 /* decompress */ = {
			isa = PBXGroup;
			children = (
				003ADCF81DB477B100A41BC6 /* huf_decompress.c */,
				003ADCF91DB477B100A41BC6 /* zbuff_decompress.c */,
				003ADCFA1DB477B100A41BC6 /* zstd_decompress.c */,
			);
			path = decompress;
			sourceTree = "<group>";
		};
		003ADCFB1DB477B100A41BC6 /* dictBuilder */ = {
			isa = PBXGroup;
			children = (
				003ADCFC1DB477B100A41BC6 /* divsufsort.c */,
				003ADCFD1DB477B100A41BC6 /* divsufsort.h */,
				003ADCFE1DB477B100A41BC6 /* zdict.c */,
				003ADCFF1DB477B100A41BC6 /* zdict.h */,
			);
			path = dictBuilder;
			sourceTree = "<group>";
		};
		003ADD001DB477B100A41BC6 /* legacy */ = {
			isa = PBXGroup;
			children = (
				003ADD011DB477B100A41BC6 /* zstd_legacy.h */,
				003ADD021DB477B100A41BC6 /* zstd_v01.c */,
				003ADD031DB477B100A41BC6 /* zstd_v01.h */,
				003ADD041DB477B100A41BC6 /* zstd_v02.c */,
				003ADD051DB477B100A41BC6 /* zstd_v02.h */,
				003ADD061DB477B100A41BC6 /* zstd_v03.c */,
				003ADD071DB477B100A41BC6 /* zstd_v03.h */,
				003ADD081DB477B100A41BC6 /* zstd_v04.c */,
				003ADD091DB477B100A41BC6 /* zstd_v04.h */,
				003ADD0A1DB477B100A41BC6 /* zstd_v05.c */,
				003ADD0B1DB477B100A41BC6 /* zstd_v05.h */,
				003ADD0C1DB477B100A41BC6 /* zstd_v06.c */,
				003ADD0D1DB477B100A41BC6 /* zstd_v06.h */,
				003ADD0E1DB477B100A41BC6 /* zstd_v07.c */,
				003ADD0F1DB477B100A41BC6 /* zstd_v07.h */,
			);
			path = legacy;
			sourceTree = "<group>";
		};
		0074E4051D534D0B00018C2A = {
			isa = PBXGroup;
			children = (
				0074E4101D534D0B00018C2A /* zstd */,
				0074E40F1D534D0B00018C2A /* Products */,
			);
			sourceTree = "<group>";
		};
		0074E40F1D534D0B00018C2A /* Products */ = {
			isa = PBXGroup;
			children = (
				0074E40E1D534D0B00018C2A /* libzstd.a */,
			);
			name = Products;
			sourceTree = "<group>";
		};
		0074E4101D534D0B00018C2A /* zstd */ = {
			isa = PBXGroup;
			children = (
				00C408781D8FED6F00BC7CB8 /* lib */,
			);
			path = zstd;
			sourceTree = "<group>";
		};
		00C408781D8FED6F00BC7CB8 /* lib */ = {
			isa = PBXGroup;
			children = (
				003ADCF71DB477B100A41BC6 /* decompress */,
				003ADCFB1DB477B100A41BC6 /* dictBuilder */,
				003ADD001DB477B100A41BC6 /* legacy */,
				003ADCA11DB4745200A41BC6 /* common */,
				003ADCAF1DB4745200A41BC6 /* compress */,
				00C408A71D8FED6F00BC7CB8 /* zstd.h */,
				003ADCF61DB4766500A41BC6 /* LICENSE */,
			);
			path = lib;
			sourceTree = "<group>";
		};
/* End PBXGroup section */

/* Begin PBXHeadersBuildPhase section */
		00E34FB41D8101B7003A1C3F /* Headers */ = {
			isa = PBXHeadersBuildPhase;
			buildActionMask = 2147483647;
			files = (
				003ADD1F1DB477B100A41BC6 /* zstd_v04.h in Headers */,
				003ADCD41DB4745200A41BC6 /* huf.h in Headers */,
				003ADCD11DB4745200A41BC6 /* error_public.h in Headers */,
				003ADCD71DB4745200A41BC6 /* xxhash.h in Headers */,
				003ADCDF1DB4745200A41BC6 /* zstd_opt.h in Headers */,
				003ADD161DB477B100A41BC6 /* zdict.h in Headers */,
				003ADCD81DB4745200A41BC6 /* zbuff.h in Headers */,
				003ADCDA1DB4745200A41BC6 /* zstd_internal.h in Headers */,
				003ADD211DB477B100A41BC6 /* zstd_v05.h in Headers */,
				003ADCD21DB4745200A41BC6 /* fse.h in Headers */,
				003ADCCE1DB4745200A41BC6 /* bitstream.h in Headers */,
				003ADCD01DB4745200A41BC6 /* error_private.h in Headers */,
				003ADD251DB477B100A41BC6 /* zstd_v07.h in Headers */,
				003ADD231DB477B100A41BC6 /* zstd_v06.h in Headers */,
				003ADD171DB477B100A41BC6 /* zstd_legacy.h in Headers */,
				00C408D01D8FED6F00BC7CB8 /* zstd.h in Headers */,
				003ADD1B1DB477B100A41BC6 /* zstd_v02.h in Headers */,
				003ADD191DB477B100A41BC6 /* zstd_v01.h in Headers */,
				003ADD1D1DB477B100A41BC6 /* zstd_v03.h in Headers */,
				003ADCD51DB4745200A41BC6 /* mem.h in Headers */,
				003ADD141DB477B100A41BC6 /* divsufsort.h in Headers */,
			);
			runOnlyForDeploymentPostprocessing = 0;
		};
/* End PBXHeadersBuildPhase section */

/* Begin PBXNativeTarget section */
		0074E40D1D534D0B00018C2A /* zstd */ = {
			isa = PBXNativeTarget;
			buildConfigurationList = 0074E4171D534D0B00018C2A /* Build configuration list for PBXNativeTarget "zstd" */;
			buildPhases = (
				0074E40A1D534D0B00018C2A /* Sources */,
				0074E40B1D534D0B00018C2A /* Frameworks */,
				0074E40C1D534D0B00018C2A /* CopyFiles */,
				00E34FB41D8101B7003A1C3F /* Headers */,
			);
			buildRules = (
			);
			dependencies = (
			);
			name = zstd;
			productName = zstd;
			productReference = 0074E40E1D534D0B00018C2A /* libzstd.a */;
			productType = "com.apple.product-type.library.static";
		};
/* End PBXNativeTarget section */

/* Begin PBXProject section */
		0074E4061D534D0B00018C2A /* Project object */ = {
			isa = PBXProject;
			attributes = {
				LastUpgradeCheck = 0730;
				ORGANIZATIONNAME = TendCloud;
				TargetAttributes = {
					0074E40D1D534D0B00018C2A = {
						CreatedOnToolsVersion = 7.3.1;
					};
				};
			};
			buildConfigurationList = 0074E4091D534D0B00018C2A /* Build configuration list for PBXProject "zstd" */;
			compatibilityVersion = "Xcode 3.2";
			developmentRegion = English;
			hasScannedForEncodings = 0;
			knownRegions = (
				en,
			);
			mainGroup = 0074E4051D534D0B00018C2A;
			productRefGroup = 0074E40F1D534D0B00018C2A /* Products */;
			projectDirPath = "";
			projectRoot = "";
			targets = (
				0074E40D1D534D0B00018C2A /* zstd */,
			);
		};
/* End PBXProject section */

/* Begin PBXSourcesBuildPhase section */
		0074E40A1D534D0B00018C2A /* Sources */ = {
			isa = PBXSourcesBuildPhase;
			buildActionMask = 2147483647;
			files = (
				003ADCDE1DB4745200A41BC6 /* zstd_compress.c in Sources */,
				003ADCCF1DB4745200A41BC6 /* entropy_common.c in Sources */,
				003ADD181DB477B100A41BC6 /* zstd_v01.c in Sources */,
				003ADD111DB477B100A41BC6 /* zbuff_decompress.c in Sources */,
				003ADCD61DB4745200A41BC6 /* xxhash.c in Sources */,
				003ADD101DB477B100A41BC6 /* huf_decompress.c in Sources */,
				003ADCD31DB4745200A41BC6 /* fse_decompress.c in Sources */,
				003ADD1A1DB477B100A41BC6 /* zstd_v02.c in Sources */,
				003ADD221DB477B100A41BC6 /* zstd_v06.c in Sources */,
				003ADD1C1DB477B100A41BC6 /* zstd_v03.c in Sources */,
				003ADD1E1DB477B100A41BC6 /* zstd_v04.c in Sources */,
				003ADCDC1DB4745200A41BC6 /* huf_compress.c in Sources */,
				003ADD241DB477B100A41BC6 /* zstd_v07.c in Sources */,
				003ADD121DB477B100A41BC6 /* zstd_decompress.c in Sources */,
				003ADCD91DB4745200A41BC6 /* zstd_common.c in Sources */,
				003ADD151DB477B100A41BC6 /* zdict.c in Sources */,
				003ADCDD1DB4745200A41BC6 /* zbuff_compress.c in Sources */,
				003ADD131DB477B100A41BC6 /* divsufsort.c in Sources */,
				003ADD201DB477B100A41BC6 /* zstd_v05.c in Sources */,
				003ADCDB1DB4745200A41BC6 /* fse_compress.c in Sources */,
			);
			runOnlyForDeploymentPostprocessing = 0;
		};
/* End PBXSourcesBuildPhase section */

/* Begin XCBuildConfiguration section */
		0074E4151D534D0B00018C2A /* Debug */ = {
			isa = XCBuildConfiguration;
			buildSettings = {
				ALWAYS_SEARCH_USER_PATHS = NO;
				CLANG_ANALYZER_NONNULL = YES;
				CLANG_CXX_LANGUAGE_STANDARD = "gnu++0x";
				CLANG_CXX_LIBRARY = "libc++";
				CLANG_ENABLE_MODULES = YES;
				CLANG_ENABLE_OBJC_ARC = YES;
				CLANG_WARN_BOOL_CONVERSION = YES;
				CLANG_WARN_CONSTANT_CONVERSION = YES;
				CLANG_WARN_DIRECT_OBJC_ISA_USAGE = YES_ERROR;
				CLANG_WARN_EMPTY_BODY = YES;
				CLANG_WARN_ENUM_CONVERSION = YES;
				CLANG_WARN_INT_CONVERSION = YES;
				CLANG_WARN_OBJC_ROOT_CLASS = YES_ERROR;
				CLANG_WARN_UNREACHABLE_CODE = YES;
				CLANG_WARN__DUPLICATE_METHOD_MATCH = YES;
				"CODE_SIGN_IDENTITY[sdk=iphoneos*]" = "iPhone Developer";
				COPY_PHASE_STRIP = NO;
				DEBUG_INFORMATION_FORMAT = dwarf;
				ENABLE_STRICT_OBJC_MSGSEND = YES;
				ENABLE_TESTABILITY = YES;
				GCC_C_LANGUAGE_STANDARD = gnu99;
				GCC_DYNAMIC_NO_PIC = NO;
				GCC_NO_COMMON_BLOCKS = YES;
				GCC_OPTIMIZATION_LEVEL = 0;
				GCC_PREPROCESSOR_DEFINITIONS = (
					"DEBUG=1",
					"$(inherited)",
				);
				GCC_WARN_64_TO_32_BIT_CONVERSION = YES;
				GCC_WARN_ABOUT_RETURN_TYPE = YES_ERROR;
				GCC_WARN_UNDECLARED_SELECTOR = YES;
				GCC_WARN_UNINITIALIZED_AUTOS = YES_AGGRESSIVE;
				GCC_WARN_UNUSED_FUNCTION = YES;
				GCC_WARN_UNUSED_VARIABLE = YES;
				IPHONEOS_DEPLOYMENT_TARGET = 6.0;
				MTL_ENABLE_DEBUG_INFO = YES;
				ONLY_ACTIVE_ARCH = YES;
				SDKROOT = iphoneos;
			};
			name = Debug;
		};
		0074E4161D534D0B00018C2A /* Release */ = {
			isa = XCBuildConfiguration;
			buildSettings = {
				ALWAYS_SEARCH_USER_PATHS = NO;
				CLANG_ANALYZER_NONNULL = YES;
				CLANG_CXX_LANGUAGE_STANDARD = "gnu++0x";
				CLANG_CXX_LIBRARY = "libc++";
				CLANG_ENABLE_MODULES = YES;
				CLANG_ENABLE_OBJC_ARC = YES;
				CLANG_WARN_BOOL_CONVERSION = YES;
				CLANG_WARN_CONSTANT_CONVERSION = YES;
				CLANG_WARN_DIRECT_OBJC_ISA_USAGE = YES_ERROR;
				CLANG_WARN_EMPTY_BODY = YES;
				CLANG_WARN_ENUM_CONVERSION = YES;
				CLANG_WARN_INT_CONVERSION = YES;
				CLANG_WARN_OBJC_ROOT_CLASS = YES_ERROR;
				CLANG_WARN_UNREACHABLE_CODE = YES;
				CLANG_WARN__DUPLICATE_METHOD_MATCH = YES;
				"CODE_SIGN_IDENTITY[sdk=iphoneos*]" = "iPhone Developer";
				COPY_PHASE_STRIP = NO;
				DEBUG_INFORMATION_FORMAT = "dwarf-with-dsym";
				ENABLE_NS_ASSERTIONS = NO;
				ENABLE_STRICT_OBJC_MSGSEND = YES;
				GCC_C_LANGUAGE_STANDARD = gnu99;
				GCC_NO_COMMON_BLOCKS = YES;
				GCC_WARN_64_TO_32_BIT_CONVERSION = YES;
				GCC_WARN_ABOUT_RETURN_TYPE = YES_ERROR;
				GCC_WARN_UNDECLARED_SELECTOR = YES;
				GCC_WARN_UNINITIALIZED_AUTOS = YES_AGGRESSIVE;
				GCC_WARN_UNUSED_FUNCTION = YES;
				GCC_WARN_UNUSED_VARIABLE = YES;
				IPHONEOS_DEPLOYMENT_TARGET = 6.0;
				MTL_ENABLE_DEBUG_INFO = NO;
				SDKROOT = iphoneos;
				VALIDATE_PRODUCT = YES;
			};
			name = Release;
		};
		0074E4181D534D0B00018C2A /* Debug */ = {
			isa = XCBuildConfiguration;
			buildSettings = {
				ARCHS = (
					"$(ARCHS_STANDARD)",
					armv7s,
				);
				BITCODE_GENERATION_MODE = marker;
				GCC_GENERATE_DEBUGGING_SYMBOLS = NO;
				OTHER_CFLAGS = "-fembed-bitcode-marker";
				OTHER_LDFLAGS = "";
				PRODUCT_NAME = "$(TARGET_NAME)";
				PUBLIC_HEADERS_FOLDER_PATH = "";
				SKIP_INSTALL = YES;
			};
			name = Debug;
		};
		0074E4191D534D0B00018C2A /* Release */ = {
			isa = XCBuildConfiguration;
			buildSettings = {
				ARCHS = (
					"$(ARCHS_STANDARD)",
					armv7s,
				);
				BITCODE_GENERATION_MODE = bitcode;
				COPY_PHASE_STRIP = YES;
				GCC_GENERATE_DEBUGGING_SYMBOLS = NO;
				GCC_SYMBOLS_PRIVATE_EXTERN = YES;
				ONLY_ACTIVE_ARCH = NO;
				OTHER_CFLAGS = "-fembed-bitcode";
				"OTHER_CFLAGS[arch=*]" = "";
				OTHER_LDFLAGS = "";
				PRODUCT_NAME = "$(TARGET_NAME)";
				PUBLIC_HEADERS_FOLDER_PATH = "";
				SKIP_INSTALL = YES;
			};
			name = Release;
		};
/* End XCBuildConfiguration section */

/* Begin XCConfigurationList section */
		0074E4091D534D0B00018C2A /* Build configuration list for PBXProject "zstd" */ = {
			isa = XCConfigurationList;
			buildConfigurations = (
				0074E4151D534D0B00018C2A /* Debug */,
				0074E4161D534D0B00018C2A /* Release */,
			);
			defaultConfigurationIsVisible = 0;
			defaultConfigurationName = Release;
		};
		0074E4171D534D0B00018C2A /* Build configuration list for PBXNativeTarget "zstd" */ = {
			isa = XCConfigurationList;
			buildConfigurations = (
				0074E4181D534D0B00018C2A /* Debug */,
				0074E4191D534D0B00018C2A /* Release */,
			);
			defaultConfigurationIsVisible = 0;
			defaultConfigurationName = Release;
		};
/* End XCConfigurationList section */
	};
	rootObject = 0074E4061D534D0B00018C2A /* Project object */;
}
